{
  "pins" : [
    {
      "identity" : "gifpediaservice",
      "kind" : "remoteSourceControl",
      "location" : "https://github.com/Yabby1997/GIFPediaService",
      "state" : {
        "revision" : "8d859b79d696d06f0e2ddefc082ee2c48f4a1dcb",
        "version" : "0.4.0"
      }
    },
    {
      "identity" : "shnetworkserviceinterface",
      "kind" : "remoteSourceControl",
      "location" : "https://github.com/Yabby1997/SHNetworkServiceInterface",
      "state" : {
        "revision" : "2f6778ad4fc7b53ebb38073da3ee21592d0618ad",
        "version" : "0.1.0"
      }
    }
  ],
  "version" : 2
}
